// !$*UTF8*$!
{
	archiveVersion = 1;
	classes = {
	};
	objectVersion = 77;
	objects = {

/* Begin PBXContainerItemProxy section */
		0E7AE7862D5FCFD100F15711 /* PBXContainerItemProxy */ = {
			isa = PBXContainerItemProxy;
			containerPortal = 0E7AE76D2D5FCFD000F15711 /* Project object */;
			proxyType = 1;
			remoteGlobalIDString = 0E7AE7742D5FCFD000F15711;
			remoteInfo = Gameless;
		};
		0E7AE7902D5FCFD100F15711 /* PBXContainerItemProxy */ = {
			isa = PBXContainerItemProxy;
			containerPortal = 0E7AE76D2D5FCFD000F15711 /* Project object */;
			proxyType = 1;
			remoteGlobalIDString = 0E7AE7742D5FCFD000F15711;
			remoteInfo = Gameless;
		};
/* End PBXContainerItemProxy section */

/* Begin PBXFileReference section */
		0E7AE7752D5FCFD000F15711 /* Gameless.app */ = {isa = PBXFileReference; explicitFileType = wrapper.application; includeInIndex = 0; path = Gameless.app; sourceTree = BUILT_PRODUCTS_DIR; };
		0E7AE7852D5FCFD100F15711 /* GamelessTests.xctest */ = {isa = PBXFileReference; explicitFileType = wrapper.cfbundle; includeInIndex = 0; path = GamelessTests.xctest; sourceTree = BUILT_PRODUCTS_DIR; };
		0E7AE78F2D5FCFD100F15711 /* GamelessUITests.xctest */ = {isa = PBXFileReference; explicitFileType = wrapper.cfbundle; includeInIndex = 0; path = GamelessUITests.xctest; sourceTree = BUILT_PRODUCTS_DIR; };
/* End PBXFileReference section */

/* Begin PBXFileSystemSynchronizedRootGroup section */
		0E7AE7772D5FCFD000F15711 /* Gameless */ = {
			isa = PBXFileSystemSynchronizedRootGroup;
			path = Gameless;
			sourceTree = "<group>";
		};
		0E7AE7882D5FCFD100F15711 /* GamelessTests */ = {
			isa = PBXFileSystemSynchronizedRootGroup;
			path = GamelessTests;
			sourceTree = "<group>";
		};
		0E7AE7922D5FCFD100F15711 /* GamelessUITests */ = {
			isa = PBXFileSystemSynchronizedRootGroup;
			path = GamelessUITests;
			sourceTree = "<group>";
		};
/* End PBXFileSystemSynchronizedRootGroup section */

/* Begin PBXFrameworksBuildPhase section */
		0E7AE7722D5FCFD000F15711 /* Frameworks */ = {
			isa = PBXFrameworksBuildPhase;
			buildActionMask = 2147483647;
			files = (
			);
			runOnlyForDeploymentPostprocessing = 0;
		};
		0E7AE7822D5FCFD100F15711 /* Frameworks */ = {
			isa = PBXFrameworksBuildPhase;
			buildActionMask = 2147483647;
			files = (
			);
			runOnlyForDeploymentPostprocessing = 0;
		};
		0E7AE78C2D5FCFD100F15711 /* Frameworks */ = {
			isa = PBXFrameworksBuildPhase;
			buildActionMask = 2147483647;
			files = (
			);
			runOnlyForDeploymentPostprocessing = 0;
		};
/* End PBXFrameworksBuildPhase section */

/* Begin PBXGroup section */
		0E7AE76C2D5FCFD000F15711 = {
			isa = PBXGroup;
			children = (
				0E7AE7772D5FCFD000F15711 /* Gameless */,
				0E7AE7882D5FCFD100F15711 /* GamelessTests */,
				0E7AE7922D5FCFD100F15711 /* GamelessUITests */,
				0E7AE7762D5FCFD000F15711 /* Products */,
			);
			sourceTree = "<group>";
		};
		0E7AE7762D5FCFD000F15711 /* Products */ = {
			isa = PBXGroup;
			children = (
				0E7AE7752D5FCFD000F15711 /* Gameless.app */,
				0E7AE7852D5FCFD100F15711 /* GamelessTests.xctest */,
				0E7AE78F2D5FCFD100F15711 /* GamelessUITests.xctest */,
			);
			name = Products;
			sourceTree = "<group>";
		};
/* End PBXGroup section */

/* Begin PBXNativeTarget section */
		0E7AE7742D5FCFD000F15711 /* Gameless */ = {
			isa = PBXNativeTarget;
			buildConfigurationList = 0E7AE7992D5FCFD100F15711 /* Build configuration list for PBXNativeTarget "Gameless" */;
			buildPhases = (
				0E7AE7712D5FCFD000F15711 /* Sources */,
				0E7AE7722D5FCFD000F15711 /* Frameworks */,
				0E7AE7732D5FCFD000F15711 /* Resources */,
			);
			buildRules = (
			);
			dependencies = (
			);
			fileSystemSynchronizedGroups = (
				0E7AE7772D5FCFD000F15711 /* Gameless */,
			);
			name = Gameless;
			packageProductDependencies = (
			);
			productName = Gameless;
			productReference = 0E7AE7752D5FCFD000F15711 /* Gameless.app */;
			productType = "com.apple.product-type.application";
		};
		0E7AE7842D5FCFD100F15711 /* GamelessTests */ = {
			isa = PBXNativeTarget;
			buildConfigurationList = 0E7AE79C2D5FCFD100F15711 /* Build configuration list for PBXNativeTarget "GamelessTests" */;
			buildPhases = (
				0E7AE7812D5FCFD100F15711 /* Sources */,
				0E7AE7822D5FCFD100F15711 /* Frameworks */,
				0E7AE7832D5FCFD100F15711 /* Resources */,
			);
			buildRules = (
			);
			dependencies = (
				0E7AE7872D5FCFD100F15711 /* PBXTargetDependency */,
			);
			fileSystemSynchronizedGroups = (
				0E7AE7882D5FCFD100F15711 /* GamelessTests */,
			);
			name = GamelessTests;
			packageProductDependencies = (
			);
			productName = GamelessTests;
			productReference = 0E7AE7852D5FCFD100F15711 /* GamelessTests.xctest */;
			productType = "com.apple.product-type.bundle.unit-test";
		};
		0E7AE78E2D5FCFD100F15711 /* GamelessUITests */ = {
			isa = PBXNativeTarget;
			buildConfigurationList = 0E7AE79F2D5FCFD100F15711 /* Build configuration list for PBXNativeTarget "GamelessUITests" */;
			buildPhases = (
				0E7AE78B2D5FCFD100F15711 /* Sources */,
				0E7AE78C2D5FCFD100F15711 /* Frameworks */,
				0E7AE78D2D5FCFD100F15711 /* Resources */,
			);
			buildRules = (
			);
			dependencies = (
				0E7AE7912D5FCFD100F15711 /* PBXTargetDependency */,
			);
			fileSystemSynchronizedGroups = (
				0E7AE7922D5FCFD100F15711 /* GamelessUITests */,
			);
			name = GamelessUITests;
			packageProductDependencies = (
			);
			productName = GamelessUITests;
			productReference = 0E7AE78F2D5FCFD100F15711 /* GamelessUITests.xctest */;
			productType = "com.apple.product-type.bundle.ui-testing";
		};
/* End PBXNativeTarget section */

/* Begin PBXProject section */
		0E7AE76D2D5FCFD000F15711 /* Project object */ = {
			isa = PBXProject;
			attributes = {
				BuildIndependentTargetsInParallel = 1;
				LastSwiftUpdateCheck = 1620;
				LastUpgradeCheck = 1620;
				TargetAttributes = {
					0E7AE7742D5FCFD000F15711 = {
						CreatedOnToolsVersion = 16.2;
					};
					0E7AE7842D5FCFD100F15711 = {
						CreatedOnToolsVersion = 16.2;
						TestTargetID = 0E7AE7742D5FCFD000F15711;
					};
					0E7AE78E2D5FCFD100F15711 = {
						CreatedOnToolsVersion = 16.2;
						TestTargetID = 0E7AE7742D5FCFD000F15711;
					};
				};
			};
			buildConfigurationList = 0E7AE7702D5FCFD000F15711 /* Build configuration list for PBXProject "Gameless" */;
			developmentRegion = en;
			hasScannedForEncodings = 0;
			knownRegions = (
				en,
				Base,
			);
			mainGroup = 0E7AE76C2D5FCFD000F15711;
			minimizedProjectReferenceProxies = 1;
			preferredProjectObjectVersion = 77;
			productRefGroup = 0E7AE7762D5FCFD000F15711 /* Products */;
			projectDirPath = "";
			projectRoot = "";
			targets = (
				0E7AE7742D5FCFD000F15711 /* Gameless */,
				0E7AE7842D5FCFD100F15711 /* GamelessTests */,
				0E7AE78E2D5FCFD100F15711 /* GamelessUITests */,
			);
		};
/* End PBXProject section */

/* Begin PBXResourcesBuildPhase section */
		0E7AE7732D5FCFD000F15711 /* Resources */ = {
			isa = PBXResourcesBuildPhase;
			buildActionMask = 2147483647;
			files = (
			);
			runOnlyForDeploymentPostprocessing = 0;
		};
		0E7AE7832D5FCFD100F15711 /* Resources */ = {
			isa = PBXResourcesBuildPhase;
			buildActionMask = 2147483647;
			files = (
			);
			runOnlyForDeploymentPostprocessing = 0;
		};
		0E7AE78D2D5FCFD100F15711 /* Resources */ = {
			isa = PBXResourcesBuildPhase;
			buildActionMask = 2147483647;
			files = (
			);
			runOnlyForDeploymentPostprocessing = 0;
		};
/* End PBXResourcesBuildPhase section */

/* Begin PBXSourcesBuildPhase section */
		0E7AE7712D5FCFD000F15711 /* Sources */ = {
			isa = PBXSourcesBuildPhase;
			buildActionMask = 2147483647;
			files = (
			);
			runOnlyForDeploymentPostprocessing = 0;
		};
		0E7AE7812D5FCFD100F15711 /* Sources */ = {
			isa = PBXSourcesBuildPhase;
			buildActionMask = 2147483647;
			files = (
			);
			runOnlyForDeploymentPostprocessing = 0;
		};
		0E7AE78B2D5FCFD100F15711 /* Sources */ = {
			isa = PBXSourcesBuildPhase;
			buildActionMask = 2147483647;
			files = (
			);
			runOnlyForDeploymentPostprocessing = 0;
		};
/* End PBXSourcesBuildPhase section */

/* Begin PBXTargetDependency section */
		0E7AE7872D5FCFD100F15711 /* PBXTargetDependency */ = {
			isa = PBXTargetDependency;
			target = 0E7AE7742D5FCFD000F15711 /* Gameless */;
			targetProxy = 0E7AE7862D5FCFD100F15711 /* PBXContainerItemProxy */;
		};
		0E7AE7912D5FCFD100F15711 /* PBXTargetDependency */ = {
			isa = PBXTargetDependency;
			target = 0E7AE7742D5FCFD000F15711 /* Gameless */;
			targetProxy = 0E7AE7902D5FCFD100F15711 /* PBXContainerItemProxy */;
		};
/* End PBXTargetDependency section */

/* Begin XCBuildConfiguration section */
		0E7AE7972D5FCFD100F15711 /* Debug */ = {
			isa = XCBuildConfiguration;
			buildSettings = {
				ALWAYS_SEARCH_USER_PATHS = NO;
				ASSETCATALOG_COMPILER_GENERATE_SWIFT_ASSET_SYMBOL_EXTENSIONS = YES;
				CLANG_ANALYZER_NONNULL = YES;
				CLANG_ANALYZER_NUMBER_OBJECT_CONVERSION = YES_AGGRESSIVE;
				CLANG_CXX_LANGUAGE_STANDARD = "gnu++20";
				CLANG_ENABLE_MODULES = YES;
				CLANG_ENABLE_OBJC_ARC = YES;
				CLANG_ENABLE_OBJC_WEAK = YES;
				CLANG_WARN_BLOCK_CAPTURE_AUTORELEASING = YES;
				CLANG_WARN_BOOL_CONVERSION = YES;
				CLANG_WARN_COMMA = YES;
				CLANG_WARN_CONSTANT_CONVERSION = YES;
				CLANG_WARN_DEPRECATED_OBJC_IMPLEMENTATIONS = YES;
				CLANG_WARN_DIRECT_OBJC_ISA_USAGE = YES_ERROR;
				CLANG_WARN_DOCUMENTATION_COMMENTS = YES;
				CLANG_WARN_EMPTY_BODY = YES;
				CLANG_WARN_ENUM_CONVERSION = YES;
				CLANG_WARN_INFINITE_RECURSION = YES;
				CLANG_WARN_INT_CONVERSION = YES;
				CLANG_WARN_NON_LITERAL_NULL_CONVERSION = YES;
				CLANG_WARN_OBJC_IMPLICIT_RETAIN_SELF = YES;
				CLANG_WARN_OBJC_LITERAL_CONVERSION = YES;
				CLANG_WARN_OBJC_ROOT_CLASS = YES_ERROR;
				CLANG_WARN_QUOTED_INCLUDE_IN_FRAMEWORK_HEADER = YES;
				CLANG_WARN_RANGE_LOOP_ANALYSIS = YES;
				CLANG_WARN_STRICT_PROTOTYPES = YES;
				CLANG_WARN_SUSPICIOUS_MOVE = YES;
				CLANG_WARN_UNGUARDED_AVAILABILITY = YES_AGGRESSIVE;
				CLANG_WARN_UNREACHABLE_CODE = YES;
				CLANG_WARN__DUPLICATE_METHOD_MATCH = YES;
				COPY_PHASE_STRIP = NO;
				DEBUG_INFORMATION_FORMAT = dwarf;
				ENABLE_STRICT_OBJC_MSGSEND = YES;
				ENABLE_TESTABILITY = YES;
				ENABLE_USER_SCRIPT_SANDBOXING = YES;
				GCC_C_LANGUAGE_STANDARD = gnu17;
				GCC_DYNAMIC_NO_PIC = NO;
				GCC_NO_COMMON_BLOCKS = YES;
				GCC_OPTIMIZATION_LEVEL = 0;
				GCC_PREPROCESSOR_DEFINITIONS = (
					"DEBUG=1",
					"$(inherited)",
				);
				GCC_WARN_64_TO_32_BIT_CONVERSION = YES;
				GCC_WARN_ABOUT_RETURN_TYPE = YES_ERROR;
				GCC_WARN_UNDECLARED_SELECTOR = YES;
				GCC_WARN_UNINITIALIZED_AUTOS = YES_AGGRESSIVE;
				GCC_WARN_UNUSED_FUNCTION = YES;
				GCC_WARN_UNUSED_VARIABLE = YES;
				IPHONEOS_DEPLOYMENT_TARGET = 18.2;
				LOCALIZATION_PREFERS_STRING_CATALOGS = YES;
				MTL_ENABLE_DEBUG_INFO = INCLUDE_SOURCE;
				MTL_FAST_MATH = YES;
				ONLY_ACTIVE_ARCH = YES;
				SDKROOT = iphoneos;
				SWIFT_ACTIVE_COMPILATION_CONDITIONS = "DEBUG $(inherited)";
				SWIFT_OPTIMIZATION_LEVEL = "-Onone";
			};
			name = Debug;
		};
		0E7AE7982D5FCFD100F15711 /* Release */ = {
			isa = XCBuildConfiguration;
			buildSettings = {
				ALWAYS_SEARCH_USER_PATHS = NO;
				ASSETCATALOG_COMPILER_GENERATE_SWIFT_ASSET_SYMBOL_EXTENSIONS = YES;
				CLANG_ANALYZER_NONNULL = YES;
				CLANG_ANALYZER_NUMBER_OBJECT_CONVERSION = YES_AGGRESSIVE;
				CLANG_CXX_LANGUAGE_STANDARD = "gnu++20";
				CLANG_ENABLE_MODULES = YES;
				CLANG_ENABLE_OBJC_ARC = YES;
				CLANG_ENABLE_OBJC_WEAK = YES;
				CLANG_WARN_BLOCK_CAPTURE_AUTORELEASING = YES;
				CLANG_WARN_BOOL_CONVERSION = YES;
				CLANG_WARN_COMMA = YES;
				CLANG_WARN_CONSTANT_CONVERSION = YES;
				CLANG_WARN_DEPRECATED_OBJC_IMPLEMENTATIONS = YES;
				CLANG_WARN_DIRECT_OBJC_ISA_USAGE = YES_ERROR;
				CLANG_WARN_DOCUMENTATION_COMMENTS = YES;
				CLANG_WARN_EMPTY_BODY = YES;
				CLANG_WARN_ENUM_CONVERSION = YES;
				CLANG_WARN_INFINITE_RECURSION = YES;
				CLANG_WARN_INT_CONVERSION = YES;
				CLANG_WARN_NON_LITERAL_NULL_CONVERSION = YES;
				CLANG_WARN_OBJC_IMPLICIT_RETAIN_SELF = YES;
				CLANG_WARN_OBJC_LITERAL_CONVERSION = YES;
				CLANG_WARN_OBJC_ROOT_CLASS = YES_ERROR;
				CLANG_WARN_QUOTED_INCLUDE_IN_FRAMEWORK_HEADER = YES;
				CLANG_WARN_RANGE_LOOP_ANALYSIS = YES;
				CLANG_WARN_STRICT_PROTOTYPES = YES;
				CLANG_WARN_SUSPICIOUS_MOVE = YES;
				CLANG_WARN_UNGUARDED_AVAILABILITY = YES_AGGRESSIVE;
				CLANG_WARN_UNREACHABLE_CODE = YES;
				CLANG_WARN__DUPLICATE_METHOD_MATCH = YES;
				COPY_PHASE_STRIP = NO;
				DEBUG_INFORMATION_FORMAT = "dwarf-with-dsym";
				ENABLE_NS_ASSERTIONS = NO;
				ENABLE_STRICT_OBJC_MSGSEND = YES;
				ENABLE_USER_SCRIPT_SANDBOXING = YES;
				GCC_C_LANGUAGE_STANDARD = gnu17;
				GCC_NO_COMMON_BLOCKS = YES;
				GCC_WARN_64_TO_32_BIT_CONVERSION = YES;
				GCC_WARN_ABOUT_RETURN_TYPE = YES_ERROR;
				GCC_WARN_UNDECLARED_SELECTOR = YES;
				GCC_WARN_UNINITIALIZED_AUTOS = YES_AGGRESSIVE;
				GCC_WARN_UNUSED_FUNCTION = YES;
				GCC_WARN_UNUSED_VARIABLE = YES;
				IPHONEOS_DEPLOYMENT_TARGET = 18.2;
				LOCALIZATION_PREFERS_STRING_CATALOGS = YES;
				MTL_ENABLE_DEBUG_INFO = NO;
				MTL_FAST_MATH = YES;
				SDKROOT = iphoneos;
				SWIFT_COMPILATION_MODE = wholemodule;
				VALIDATE_PRODUCT = YES;
			};
			name = Release;
		};
		0E7AE79A2D5FCFD100F15711 /* Debug */ = {
			isa = XCBuildConfiguration;
			buildSettings = {
				ASSETCATALOG_COMPILER_APPICON_NAME = AppIcon;
				ASSETCATALOG_COMPILER_GLOBAL_ACCENT_COLOR_NAME = AccentColor;
				CODE_SIGN_STYLE = Automatic;
				CURRENT_PROJECT_VERSION = 1;
				DEVELOPMENT_ASSET_PATHS = "\"Gameless/Preview Content\"";
				ENABLE_PREVIEWS = YES;
				GENERATE_INFOPLIST_FILE = YES;
				INFOPLIST_KEY_UIApplicationSceneManifest_Generation = YES;
				INFOPLIST_KEY_UIApplicationSupportsIndirectInputEvents = YES;
				INFOPLIST_KEY_UILaunchScreen_Generation = YES;
				INFOPLIST_KEY_UISupportedInterfaceOrientations_iPad = "UIInterfaceOrientationPortrait UIInterfaceOrientationPortraitUpsideDown UIInterfaceOrientationLandscapeLeft UIInterfaceOrientationLandscapeRight";
				INFOPLIST_KEY_UISupportedInterfaceOrientations_iPhone = "UIInterfaceOrientationPortrait UIInterfaceOrientationLandscapeLeft UIInterfaceOrientationLandscapeRight";
				LD_RUNPATH_SEARCH_PATHS = (
					"$(inherited)",
					"@executable_path/Frameworks",
				);
				MARKETING_VERSION = 1.0;
				PRODUCT_BUNDLE_IDENTIFIER = markmauro.Gameless;
				PRODUCT_NAME = "$(TARGET_NAME)";
				SWIFT_EMIT_LOC_STRINGS = YES;
				SWIFT_VERSION = 5.0;
				TARGETED_DEVICE_FAMILY = "1,2";
			};
			name = Debug;
		};
		0E7AE79B2D5FCFD100F15711 /* Release */ = {
			isa = XCBuildConfiguration;
			buildSettings = {
				ASSETCATALOG_COMPILER_APPICON_NAME = AppIcon;
				ASSETCATALOG_COMPILER_GLOBAL_ACCENT_COLOR_NAME = AccentColor;
				CODE_SIGN_STYLE = Automatic;
				CURRENT_PROJECT_VERSION = 1;
				DEVELOPMENT_ASSET_PATHS = "\"Gameless/Preview Content\"";
				ENABLE_PREVIEWS = YES;
				GENERATE_INFOPLIST_FILE = YES;
				INFOPLIST_KEY_UIApplicationSceneManifest_Generation = YES;
				INFOPLIST_KEY_UIApplicationSupportsIndirectInputEvents = YES;
				INFOPLIST_KEY_UILaunchScreen_Generation = YES;
				INFOPLIST_KEY_UISupportedInterfaceOrientations_iPad = "UIInterfaceOrientationPortrait UIInterfaceOrientationPortraitUpsideDown UIInterfaceOrientationLandscapeLeft UIInterfaceOrientationLandscapeRight";
				INFOPLIST_KEY_UISupportedInterfaceOrientations_iPhone = "UIInterfaceOrientationPortrait UIInterfaceOrientationLandscapeLeft UIInterfaceOrientationLandscapeRight";
				LD_RUNPATH_SEARCH_PATHS = (
					"$(inherited)",
					"@executable_path/Frameworks",
				);
				MARKETING_VERSION = 1.0;
				PRODUCT_BUNDLE_IDENTIFIER = markmauro.Gameless;
				PRODUCT_NAME = "$(TARGET_NAME)";
				SWIFT_EMIT_LOC_STRINGS = YES;
				SWIFT_VERSION = 5.0;
				TARGETED_DEVICE_FAMILY = "1,2";
			};
			name = Release;
		};
		0E7AE79D2D5FCFD100F15711 /* Debug */ = {
			isa = XCBuildConfiguration;
			buildSettings = {
				BUNDLE_LOADER = "$(TEST_HOST)";
				CODE_SIGN_STYLE = Automatic;
				CURRENT_PROJECT_VERSION = 1;
				GENERATE_INFOPLIST_FILE = YES;
				IPHONEOS_DEPLOYMENT_TARGET = 18.2;
				MARKETING_VERSION = 1.0;
				PRODUCT_BUNDLE_IDENTIFIER = markmauro.GamelessTests;
				PRODUCT_NAME = "$(TARGET_NAME)";
				SWIFT_EMIT_LOC_STRINGS = NO;
				SWIFT_VERSION = 5.0;
				TARGETED_DEVICE_FAMILY = "1,2";
				TEST_HOST = "$(BUILT_PRODUCTS_DIR)/Gameless.app/$(BUNDLE_EXECUTABLE_FOLDER_PATH)/Gameless";
			};
			name = Debug;
		};
		0E7AE79E2D5FCFD100F15711 /* Release */ = {
			isa = XCBuildConfiguration;
			buildSettings = {
				BUNDLE_LOADER = "$(TEST_HOST)";
				CODE_SIGN_STYLE = Automatic;
				CURRENT_PROJECT_VERSION = 1;
				GENERATE_INFOPLIST_FILE = YES;
				IPHONEOS_DEPLOYMENT_TARGET = 18.2;
				MARKETING_VERSION = 1.0;
				PRODUCT_BUNDLE_IDENTIFIER = markmauro.GamelessTests;
				PRODUCT_NAME = "$(TARGET_NAME)";
				SWIFT_EMIT_LOC_STRINGS = NO;
				SWIFT_VERSION = 5.0;
				TARGETED_DEVICE_FAMILY = "1,2";
				TEST_HOST = "$(BUILT_PRODUCTS_DIR)/Gameless.app/$(BUNDLE_EXECUTABLE_FOLDER_PATH)/Gameless";
			};
			name = Release;
		};
		0E7AE7A02D5FCFD100F15711 /* Debug */ = {
			isa = XCBuildConfiguration;
			buildSettings = {
				CODE_SIGN_STYLE = Automatic;
				CURRENT_PROJECT_VERSION = 1;
				GENERATE_INFOPLIST_FILE = YES;
				MARKETING_VERSION = 1.0;
				PRODUCT_BUNDLE_IDENTIFIER = markmauro.GamelessUITests;
				PRODUCT_NAME = "$(TARGET_NAME)";
				SWIFT_EMIT_LOC_STRINGS = NO;
				SWIFT_VERSION = 5.0;
				TARGETED_DEVICE_FAMILY = "1,2";
				TEST_TARGET_NAME = Gameless;
			};
			name = Debug;
		};
		0E7AE7A12D5FCFD100F15711 /* Release */ = {
			isa = XCBuildConfiguration;
			buildSettings = {
				CODE_SIGN_STYLE = Automatic;
				CURRENT_PROJECT_VERSION = 1;
				GENERATE_INFOPLIST_FILE = YES;
				MARKETING_VERSION = 1.0;
				PRODUCT_BUNDLE_IDENTIFIER = markmauro.GamelessUITests;
				PRODUCT_NAME = "$(TARGET_NAME)";
				SWIFT_EMIT_LOC_STRINGS = NO;
				SWIFT_VERSION = 5.0;
				TARGETED_DEVICE_FAMILY = "1,2";
				TEST_TARGET_NAME = Gameless;
			};
			name = Release;
		};
/* End XCBuildConfiguration section */

/* Begin XCConfigurationList section */
		0E7AE7702D5FCFD000F15711 /* Build configuration list for PBXProject "Gameless" */ = {
			isa = XCConfigurationList;
			buildConfigurations = (
				0E7AE7972D5FCFD100F15711 /* Debug */,
				0E7AE7982D5FCFD100F15711 /* Release */,
			);
			defaultConfigurationIsVisible = 0;
			defaultConfigurationName = Release;
		};
		0E7AE7992D5FCFD100F15711 /* Build configuration list for PBXNativeTarget "Gameless" */ = {
			isa = XCConfigurationList;
			buildConfigurations = (
				0E7AE79A2D5FCFD100F15711 /* Debug */,
				0E7AE79B2D5FCFD100F15711 /* Release */,
			);
			defaultConfigurationIsVisible = 0;
			defaultConfigurationName = Release;
		};
		0E7AE79C2D5FCFD100F15711 /* Build configuration list for PBXNativeTarget "GamelessTests" */ = {
			isa = XCConfigurationList;
			buildConfigurations = (
				0E7AE79D2D5FCFD100F15711 /* Debug */,
				0E7AE79E2D5FCFD100F15711 /* Release */,
			);
			defaultConfigurationIsVisible = 0;
			defaultConfigurationName = Release;
		};
		0E7AE79F2D5FCFD100F15711 /* Build configuration list for PBXNativeTarget "GamelessUITests" */ = {
			isa = XCConfigurationList;
			buildConfigurations = (
				0E7AE7A02D5FCFD100F15711 /* Debug */,
				0E7AE7A12D5FCFD100F15711 /* Release */,
			);
			defaultConfigurationIsVisible = 0;
			defaultConfigurationName = Release;
		};
/* End XCConfigurationList section */
	};
	rootObject = 0E7AE76D2D5FCFD000F15711 /* Project object */;
}
